# Code generated by scarb DO NOT EDIT.
version = 1

[[package]]
name = "alexandria_data_structures"
version = "0.1.0"
source = "git+https://github.com/keep-starknet-strange/alexandria.git?rev=a3052ff#a3052ffc72d431c981ae0b92b29a40487b47a5ee"

[[package]]
name = "alexandria_math"
version = "0.2.0"
source = "git+https://github.com/keep-starknet-strange/alexandria.git?rev=a3052ff#a3052ffc72d431c981ae0b92b29a40487b47a5ee"
dependencies = [
 "alexandria_data_structures",
]

[[package]]
name = "alexandria_sorting"
version = "0.1.0"
source = "git+https://github.com/keep-starknet-strange/alexandria.git?rev=a3052ff#a3052ffc72d431c981ae0b92b29a40487b47a5ee"

[[package]]
name = "alexandria_storage"
version = "0.2.0"
source = "git+https://github.com/keep-starknet-strange/alexandria.git?rev=a3052ff#a3052ffc72d431c981ae0b92b29a40487b47a5ee"

[[package]]
name = "satoru"
version = "0.1.0"
dependencies = [
 "alexandria_data_structures",
 "alexandria_math",
 "alexandria_sorting",
 "alexandria_storage",
 "snforge_std",
]

[[package]]
name = "snforge_std"
version = "0.1.0"
source = "git+https://github.com/foundry-rs/starknet-foundry.git?tag=v0.8.3#cb05cb81cae9451a91e42a03af09e0457284b4de"
